
Microsoft Visual Studio Solution File, Format Version 12.00
# Visual Studio 14
VisualStudioVersion = 14.0.24720.0
MinimumVisualStudioVersion = 10.0.40219.1
Project("{FAE04EC0-301F-11D3-BF4B-00C04F79EFBC}") = "HxDVisualizer", "HxDVisualizer\HxDVisualizer.csproj", "{6B3449AA-B7F1-44A7-891A-4C32CDE0DDE7}"
EndProject
Project("{FAE04EC0-301F-11D3-BF4B-00C04F79EFBC}") = "HxDVisualizer.Tests", "HxDVisualizer.Tests\HxDVisualizer.Tests.csproj", "{55815229-4159-44DE-9B5E-2F2958BC84C1}"
EndProject
Global
	GlobalSection(SolutionConfigurationPlatforms) = preSolution
		Debug|Any CPU = Debug|Any CPU
		Release|Any CPU = Release|Any CPU
	EndGlobalSection
	GlobalSection(ProjectConfigurationPlatforms) = postSolution
		{6B3449AA-B7F1-44A7-891A-4C32CDE0DDE7}.Debug|Any CPU.ActiveCfg = Debug|Any CPU
		{6B3449AA-B7F1-44A7-891A-4C32CDE0DDE7}.Debug|Any CPU.Build.0 = Debug|Any CPU
		{6B3449AA-B7F1-44A7-891A-4C32CDE0DDE7}.Release|Any CPU.ActiveCfg = Release|Any CPU
		{6B3449AA-B7F1-44A7-891A-4C32CDE0DDE7}.Release|Any CPU.Build.0 = Release|Any CPU
		{55815229-4159-44DE-9B5E-2F2958BC84C1}.Debug|Any CPU.ActiveCfg = Debug|Any CPU
		{55815229-4159-44DE-9B5E-2F2958BC84C1}.Debug|Any CPU.Build.0 = Debug|Any CPU
		{55815229-4159-44DE-9B5E-2F2958BC84C1}.Release|Any CPU.ActiveCfg = Release|Any CPU
		{55815229-4159-44DE-9B5E-2F2958BC84C1}.Release|Any CPU.Build.0 = Release|Any CPU
	EndGlobalSection
	GlobalSection(SolutionProperties) = preSolution
		HideSolutionNode = FALSE
	EndGlobalSection
EndGlobal
